
Microsoft Visual Studio Solution File, Format Version 12.00
# Visual Studio Version 16
VisualStudioVersion = 16.0.29920.165
MinimumVisualStudioVersion = 10.0.40219.1
Project("{F2A71F9B-5D33-465A-A702-920D77279786}") = "Required", "Required\Required.fsproj", "{8996AD31-174A-44EB-B0FB-4F07F49941C1}"
EndProject
Project("{F2A71F9B-5D33-465A-A702-920D77279786}") = "Tests", "Tests\Tests.fsproj", "{E13FF6EF-4AD8-43B3-9F0A-59EE626CFB0C}"
EndProject
Global
	GlobalSection(SolutionConfigurationPlatforms) = preSolution
		Debug|Any CPU = Debug|Any CPU
		Release|Any CPU = Release|Any CPU
	EndGlobalSection
	GlobalSection(ProjectConfigurationPlatforms) = postSolution
		{8996AD31-174A-44EB-B0FB-4F07F49941C1}.Debug|Any CPU.ActiveCfg = Debug|Any CPU
		{8996AD31-174A-44EB-B0FB-4F07F49941C1}.Debug|Any CPU.Build.0 = Debug|Any CPU
		{8996AD31-174A-44EB-B0FB-4F07F49941C1}.Release|Any CPU.ActiveCfg = Release|Any CPU
		{8996AD31-174A-44EB-B0FB-4F07F49941C1}.Release|Any CPU.Build.0 = Release|Any CPU
		{E13FF6EF-4AD8-43B3-9F0A-59EE626CFB0C}.Debug|Any CPU.ActiveCfg = Debug|Any CPU
		{E13FF6EF-4AD8-43B3-9F0A-59EE626CFB0C}.Debug|Any CPU.Build.0 = Debug|Any CPU
		{E13FF6EF-4AD8-43B3-9F0A-59EE626CFB0C}.Release|Any CPU.ActiveCfg = Release|Any CPU
		{E13FF6EF-4AD8-43B3-9F0A-59EE626CFB0C}.Release|Any CPU.Build.0 = Release|Any CPU
	EndGlobalSection
	GlobalSection(SolutionProperties) = preSolution
		HideSolutionNode = FALSE
	EndGlobalSection
	GlobalSection(ExtensibilityGlobals) = postSolution
		SolutionGuid = {2E85A917-1A42-471C-9E7B-C6A74CC5912E}
	EndGlobalSection
EndGlobal
